
Microsoft Visual Studio Solution File, Format Version 12.00
Project("{FAE04EC0-301F-11D3-BF4B-00C04F79EFBC}") = "api", "api\api.csproj", "{BE027009-4B2E-449A-B25E-867AECB4FFA3}"
EndProject
Project("{2150E333-8FDC-42A3-9474-1A3956D46DE8}") = "Solution Items", "Solution Items", "{74A4A1BE-1959-4B10-9EF3-FD8A67B58DCD}"
	ProjectSection(SolutionItems) = preProject
		docker-compose.yml = docker-compose.yml
	EndProjectSection
EndProject
Global
	GlobalSection(SolutionConfigurationPlatforms) = preSolution
		Debug|Any CPU = Debug|Any CPU
		Release|Any CPU = Release|Any CPU
	EndGlobalSection
	GlobalSection(ProjectConfigurationPlatforms) = postSolution
		{BE027009-4B2E-449A-B25E-867AECB4FFA3}.Debug|Any CPU.ActiveCfg = Debug|Any CPU
		{BE027009-4B2E-449A-B25E-867AECB4FFA3}.Debug|Any CPU.Build.0 = Debug|Any CPU
		{BE027009-4B2E-449A-B25E-867AECB4FFA3}.Release|Any CPU.ActiveCfg = Release|Any CPU
		{BE027009-4B2E-449A-B25E-867AECB4FFA3}.Release|Any CPU.Build.0 = Release|Any CPU
	EndGlobalSection
EndGlobal
